# This file is automatically @generated by Poetry 2.2.1 and should not be changed by hand.

[[package]]
name = "numpy"
version = "2.3.5"
description = "Fundamental package for array computing in Python"
optional = false
python-versions = ">=3.11"
groups = ["main"]
files = [
    {file = "numpy-2.3.5-cp311-cp311-macosx_10_9_x86_64.whl", hash = "sha256:de5672f4a7b200c15a4127042170a694d4df43c992948f5e1af57f0174beed10"},
    {file = "numpy-2.3.5-cp311-cp311-macosx_11_0_arm64.whl", hash = "sha256:acfd89508504a19ed06ef963ad544ec6664518c863436306153e13e94605c218"},
    {file = "numpy-2.3.5-cp311-cp311-macosx_14_0_arm64.whl", hash = "sha256:ffe22d2b05504f786c867c8395de703937f934272eb67586817b46188b4ded6d"},
    {file = "numpy-2.3.5-cp311-cp311-macosx_14_0_x86_64.whl", hash = "sha256:872a5cf366aec6bb1147336480fef14c9164b154aeb6542327de4970282cd2f5"},
    {file = "numpy-2.3.5-cp311-cp311-manylinux_2_27_aarch64.manylinux_2_28_aarch64.whl", hash = "sha256:3095bdb8dd297e5920b010e96134ed91d852d81d490e787beca7e35ae1d89cf7"},
    {file = "numpy-2.3.5-cp311-cp311-manylinux_2_27_x86_64.manylinux_2_28_x86_64.whl", hash = "sha256:8cba086a43d54ca804ce711b2a940b16e452807acebe7852ff327f1ecd49b0d4"},
    {file = "numpy-2.3.5-cp311-cp311-musllinux_1_2_aarch64.whl", hash = "sha256:6cf9b429b21df6b99f4dee7a1218b8b7ffbbe7df8764dc0bd60ce8a0708fed1e"},
    {file = "numpy-2.3.5-cp311-cp311-musllinux_1_2_x86_64.whl", hash = "sha256:396084a36abdb603546b119d96528c2f6263921c50df3c8fd7cb28873a237748"},
    {file = "numpy-2.3.5-cp311-cp311-win32.whl", hash = "sha256:b0c7088a73aef3d687c4deef8452a3ac7c1be4e29ed8bf3b366c8111128ac60c"},
    {file = "numpy-2.3.5-cp311-cp311-win_amd64.whl", hash = "sha256:a414504bef8945eae5f2d7cb7be2d4af77c5d1cb5e20b296c2c25b61dff2900c"},
    {file = "numpy-2.3.5-cp311-cp311-win_arm64.whl", hash = "sha256:0cd00b7b36e35398fa2d16af7b907b65304ef8bb4817a550e06e5012929830fa"},
    {file = "numpy-2.3.5-cp312-cp312-macosx_10_13_x86_64.whl", hash = "sha256:74ae7b798248fe62021dbf3c914245ad45d1a6b0cb4a29ecb4b31d0bfbc4cc3e"},
    {file = "numpy-2.3.5-cp312-cp312-macosx_11_0_arm64.whl", hash = "sha256:ee3888d9ff7c14604052b2ca5535a30216aa0a58e948cdd3eeb8d3415f638769"},
    {file = "numpy-2.3.5-cp312-cp312-macosx_14_0_arm64.whl", hash = "sha256:612a95a17655e213502f60cfb9bf9408efdc9eb1d5f50535cc6eb365d11b42b5"},
    {file = "numpy-2.3.5-cp312-cp312-macosx_14_0_x86_64.whl", hash = "sha256:3101e5177d114a593d79dd79658650fe28b5a0d8abeb8ce6f437c0e6df5be1a4"},
    {file = "numpy-2.3.5-cp312-cp312-manylinux_2_27_aarch64.manylinux_2_28_aarch64.whl", hash = "sha256:8b973c57ff8e184109db042c842423ff4f60446239bd585a5131cc47f06f789d"},
    {file = "numpy-2.3.5-cp312-cp312-manylinux_2_27_x86_64.manylinux_2_28_x86_64.whl", hash = "sha256:0d8163f43acde9a73c2a33605353a4f1bc4798745a8b1d73183b28e5b435ae28"},
    {file = "numpy-2.3.5-cp312-cp312-musllinux_1_2_aarch64.whl", hash = "sha256:51c1e14eb1e154ebd80e860722f9e6ed6ec89714ad2db2d3aa33c31d7c12179b"},
    {file = "numpy-2.3.5-cp312-cp312-musllinux_1_2_x86_64.whl", hash = "sha256:b46b4ec24f7293f23adcd2d146960559aaf8020213de8ad1909dba6c013bf89c"},
    {file = "numpy-2.3.5-cp312-cp312-win32.whl", hash = "sha256:3997b5b3c9a771e157f9aae01dd579ee35ad7109be18db0e85dbdbe1de06e952"},
    {file = "numpy-2.3.5-cp312-cp312-win_amd64.whl", hash = "sha256:86945f2ee6d10cdfd67bcb4069c1662dd711f7e2a4343db5cecec06b87cf31aa"},
    {file = "numpy-2.3.5-cp312-cp312-win_arm64.whl", hash = "sha256:f28620fe26bee16243be2b7b874da327312240a7cdc38b769a697578d2100013"},
    {file = "numpy-2.3.5-cp313-cp313-macosx_10_13_x86_64.whl", hash = "sha256:d0f23b44f57077c1ede8c5f26b30f706498b4862d3ff0a7298b8411dd2f043ff"},
    {file = "numpy-2.3.5-cp313-cp313-macosx_11_0_arm64.whl", hash = "sha256:aa5bc7c5d59d831d9773d1170acac7893ce3a5e130540605770ade83280e7188"},
    {file = "numpy-2.3.5-cp313-cp313-macosx_14_0_arm64.whl", hash = "sha256:ccc933afd4d20aad3c00bcef049cb40049f7f196e0397f1109dba6fed63267b0"},
    {file = "numpy-2.3.5-cp313-cp313-macosx_14_0_x86_64.whl", hash = "sha256:afaffc4393205524af9dfa400fa250143a6c3bc646c08c9f5e25a9f4b4d6a903"},
    {file = "numpy-2.3.5-cp313-cp313-manylinux_2_27_aarch64.manylinux_2_28_aarch64.whl", hash = "sha256:9c75442b2209b8470d6d5d8b1c25714270686f14c749028d2199c54e29f20b4d"},
    {file = "numpy-2.3.5-cp313-cp313-manylinux_2_27_x86_64.manylinux_2_28_x86_64.whl", hash = "sha256:11e06aa0af8c0f05104d56450d6093ee639e15f24ecf62d417329d06e522e017"},
    {file = "numpy-2.3.5-cp313-cp313-musllinux_1_2_aarch64.whl", hash = "sha256:ed89927b86296067b4f81f108a2271d8926467a8868e554eaf370fc27fa3ccaf"},
    {file = "numpy-2.3.5-cp313-cp313-musllinux_1_2_x86_64.whl", hash = "sha256:51c55fe3451421f3a6ef9a9c1439e82101c57a2c9eab9feb196a62b1a10b58ce"},
    {file = "numpy-2.3.5-cp313-cp313-win32.whl", hash = "sha256:1978155dd49972084bd6ef388d66ab70f0c323ddee6f693d539376498720fb7e"},
    {file = "numpy-2.3.5-cp313-cp313-win_amd64.whl", hash = "sha256:00dc4e846108a382c5869e77c6ed514394bdeb3403461d25a829711041217d5b"},
    {file = "numpy-2.3.5-cp313-cp313-win_arm64.whl", hash = "sha256:0472f11f6ec23a74a906a00b48a4dcf3849209696dff7c189714511268d103ae"},
    {file = "numpy-2.3.5-cp313-cp313t-macosx_10_13_x86_64.whl", hash = "sha256:414802f3b97f3c1eef41e530aaba3b3c1620649871d8cb38c6eaff034c2e16bd"},
    {file = "numpy-2.3.5-cp313-cp313t-macosx_11_0_arm64.whl", hash = "sha256:5ee6609ac3604fa7780e30a03e5e241a7956f8e2fcfe547d51e3afa5247ac47f"},
    {file = "numpy-2.3.5-cp313-cp313t-macosx_14_0_arm64.whl", hash = "sha256:86d835afea1eaa143012a2d7a3f45a3adce2d7adc8b4961f0b362214d800846a"},
    {file = "numpy-2.3.5-cp313-cp313t-macosx_14_0_x86_64.whl", hash = "sha256:30bc11310e8153ca664b14c5f1b73e94bd0503681fcf136a163de856f3a50139"},
    {file = "numpy-2.3.5-cp313-cp313t-manylinux_2_27_aarch64.manylinux_2_28_aarch64.whl", hash = "sha256:1062fde1dcf469571705945b0f221b73928f34a20c904ffb45db101907c3454e"},
    {file = "numpy-2.3.5-cp313-cp313t-manylinux_2_27_x86_64.manylinux_2_28_x86_64.whl", hash = "sha256:ce581db493ea1a96c0556360ede6607496e8bf9b3a8efa66e06477267bc831e9"},
    {file = "numpy-2.3.5-cp313-cp313t-musllinux_1_2_aarch64.whl", hash = "sha256:cc8920d2ec5fa99875b670bb86ddeb21e295cb07aa331810d9e486e0b969d946"},
    {file = "numpy-2.3.5-cp313-cp313t-musllinux_1_2_x86_64.whl", hash = "sha256:9ee2197ef8c4f0dfe405d835f3b6a14f5fee7782b5de51ba06fb65fc9b36e9f1"},
    {file = "numpy-2.3.5-cp313-cp313t-win32.whl", hash = "sha256:70b37199913c1bd300ff6e2693316c6f869c7ee16378faf10e4f5e3275b299c3"},
    {file = "numpy-2.3.5-cp313-cp313t-win_amd64.whl", hash = "sha256:b501b5fa195cc9e24fe102f21ec0a44dffc231d2af79950b451e0d99cea02234"},
    {file = "numpy-2.3.5-cp313-cp313t-win_arm64.whl", hash = "sha256:a80afd79f45f3c4a7d341f13acbe058d1ca8ac017c165d3fa0d3de6bc1a079d7"},
    {file = "numpy-2.3.5-cp314-cp314-macosx_10_15_x86_64.whl", hash = "sha256:bf06bc2af43fa8d32d30fae16ad965663e966b1a3202ed407b84c989c3221e82"},
    {file = "numpy-2.3.5-cp314-cp314-macosx_11_0_arm64.whl", hash = "sha256:052e8c42e0c49d2575621c158934920524f6c5da05a1d3b9bab5d8e259e045f0"},
    {file = "numpy-2.3.5-cp314-cp314-macosx_14_0_arm64.whl", hash = "sha256:1ed1ec893cff7040a02c8aa1c8611b94d395590d553f6b53629a4461dc7f7b63"},
    {file = "numpy-2.3.5-cp314-cp314-macosx_14_0_x86_64.whl", hash = "sha256:2dcd0808a421a482a080f89859a18beb0b3d1e905b81e617a188bd80422d62e9"},
    {file = "numpy-2.3.5-cp314-cp314-manylinux_2_27_aarch64.manylinux_2_28_aarch64.whl", hash = "sha256:727fd05b57df37dc0bcf1a27767a3d9a78cbbc92822445f32cc3436ba797337b"},
    {file = "numpy-2.3.5-cp314-cp314-manylinux_2_27_x86_64.manylinux_2_28_x86_64.whl", hash = "sha256:fffe29a1ef00883599d1dc2c51aa2e5d80afe49523c261a74933df395c15c520"},
    {file = "numpy-2.3.5-cp314-cp314-musllinux_1_2_aarch64.whl", hash = "sha256:8f7f0e05112916223d3f438f293abf0727e1181b5983f413dfa2fefc4098245c"},
    {file = "numpy-2.3.5-cp314-cp314-musllinux_1_2_x86_64.whl", hash = "sha256:2e2eb32ddb9ccb817d620ac1d8dae7c3f641c1e5f55f531a33e8ab97960a75b8"},
    {file = "numpy-2.3.5-cp314-cp314-win32.whl", hash = "sha256:66f85ce62c70b843bab1fb14a05d5737741e74e28c7b8b5a064de10142fad248"},
    {file = "numpy-2.3.5-cp314-cp314-win_amd64.whl", hash = "sha256:e6a0bc88393d65807d751a614207b7129a310ca4fe76a74e5c7da5fa5671417e"},
    {file = "numpy-2.3.5-cp314-cp314-win_arm64.whl", hash = "sha256:aeffcab3d4b43712bb7a60b65f6044d444e75e563ff6180af8f98dd4b905dfd2"},
    {file = "numpy-2.3.5-cp314-cp314t-macosx_10_15_x86_64.whl", hash = "sha256:17531366a2e3a9e30762c000f2c43a9aaa05728712e25c11ce1dbe700c53ad41"},
    {file = "numpy-2.3.5-cp314-cp314t-macosx_11_0_arm64.whl", hash = "sha256:d21644de1b609825ede2f48be98dfde4656aefc713654eeee280e37cadc4e0ad"},
    {file = "numpy-2.3.5-cp314-cp314t-macosx_14_0_arm64.whl", hash = "sha256:c804e3a5aba5460c73955c955bdbd5c08c354954e9270a2c1565f62e866bdc39"},
    {file = "numpy-2.3.5-cp314-cp314t-macosx_14_0_x86_64.whl", hash = "sha256:cc0a57f895b96ec78969c34f682c602bf8da1a0270b09bc65673df2e7638ec20"},
    {file = "numpy-2.3.5-cp314-cp314t-manylinux_2_27_aarch64.manylinux_2_28_aarch64.whl", hash = "sha256:900218e456384ea676e24ea6a0417f030a3b07306d29d7ad843957b40a9d8d52"},
    {file = "numpy-2.3.5-cp314-cp314t-manylinux_2_27_x86_64.manylinux_2_28_x86_64.whl", hash = "sha256:09a1bea522b25109bf8e6f3027bd810f7c1085c64a0c7ce050c1676ad0ba010b"},
    {file = "numpy-2.3.5-cp314-cp314t-musllinux_1_2_aarch64.whl", hash = "sha256:04822c00b5fd0323c8166d66c701dc31b7fbd252c100acd708c48f763968d6a3"},
    {file = "numpy-2.3.5-cp314-cp314t-musllinux_1_2_x86_64.whl", hash = "sha256:d6889ec4ec662a1a37eb4b4fb26b6100841804dac55bd9df579e326cdc146227"},
    {file = "numpy-2.3.5-cp314-cp314t-win32.whl", hash = "sha256:93eebbcf1aafdf7e2ddd44c2923e2672e1010bddc014138b229e49725b4d6be5"},
    {file = "numpy-2.3.5-cp314-cp314t-win_amd64.whl", hash = "sha256:c8a9958e88b65c3b27e22ca2a076311636850b612d6bbfb76e8d156aacde2aaf"},
    {file = "numpy-2.3.5-cp314-cp314t-win_arm64.whl", hash = "sha256:6203fdf9f3dc5bdaed7319ad8698e685c7a3be10819f41d32a0723e611733b42"},
    {file = "numpy-2.3.5-pp311-pypy311_pp73-macosx_10_15_x86_64.whl", hash = "sha256:f0963b55cdd70fad460fa4c1341f12f976bb26cb66021a5580329bd498988310"},
    {file = "numpy-2.3.5-pp311-pypy311_pp73-macosx_11_0_arm64.whl", hash = "sha256:f4255143f5160d0de972d28c8f9665d882b5f61309d8362fdd3e103cf7bf010c"},
    {file = "numpy-2.3.5-pp311-pypy311_pp73-macosx_14_0_arm64.whl", hash = "sha256:a4b9159734b326535f4dd01d947f919c6eefd2d9827466a696c44ced82dfbc18"},
    {file = "numpy-2.3.5-pp311-pypy311_pp73-macosx_14_0_x86_64.whl", hash = "sha256:2feae0d2c91d46e59fcd62784a3a83b3fb677fead592ce51b5a6fbb4f95965ff"},
    {file = "numpy-2.3.5-pp311-pypy311_pp73-manylinux_2_27_aarch64.manylinux_2_28_aarch64.whl", hash = "sha256:ffac52f28a7849ad7576293c0cb7b9f08304e8f7d738a8cb8a90ec4c55a998eb"},
    {file = "numpy-2.3.5-pp311-pypy311_pp73-manylinux_2_27_x86_64.manylinux_2_28_x86_64.whl", hash = "sha256:63c0e9e7eea69588479ebf4a8a270d5ac22763cc5854e9a7eae952a3908103f7"},
    {file = "numpy-2.3.5-pp311-pypy311_pp73-win_amd64.whl", hash = "sha256:f16417ec91f12f814b10bafe79ef77e70113a2f5f7018640e7425ff979253425"},
    {file = "numpy-2.3.5.tar.gz", hash = "sha256:784db1dcdab56bf0517743e746dfb0f885fc68d948aba86eeec2cba234bdf1c0"},
]

[[package]]
name = "pyglm"
version = "2.8.3"
description = "OpenGL Mathematics library for Python"
optional = false
python-versions = "*"
groups = ["main"]
files = [
    {file = "pyglm-2.8.3-cp310-cp310-macosx_10_9_x86_64.whl", hash = "sha256:159547399d3e700cdf2e6b6480c467f0a2e1abf140c01d395b7228793bda46ad"},
    {file = "pyglm-2.8.3-cp310-cp310-macosx_11_0_arm64.whl", hash = "sha256:3986e7c3b9d0b112972cc2dc2f02b6720cea16aca6ec38eee5bb9effa17af035"},
    {file = "pyglm-2.8.3-cp310-cp310-manylinux2014_aarch64.manylinux_2_17_aarch64.whl", hash = "sha256:c804ac7a678db3441f15f09cb600ed23c504ceab0d8129fc8818699074f816ba"},
    {file = "pyglm-2.8.3-cp310-cp310-manylinux2014_x86_64.manylinux_2_17_x86_64.whl", hash = "sha256:b24bd5f9ba4b6966a4bf7d38931cdf8db3a94cafac40e85fc64ec245f2289efa"},
    {file = "pyglm-2.8.3-cp310-cp310-manylinux_2_34_aarch64.whl", hash = "sha256:463113f24a6b41eff41721c4c65013092368cf56ec32e0523b71a3df43d34cbf"},
    {file = "pyglm-2.8.3-cp310-cp310-manylinux_2_34_x86_64.whl", hash = "sha256:a5d9e0fe8778cc16a18fdf594e4f672f3e18cac4b38c74d226e29badf0a3844d"},
    {file = "pyglm-2.8.3-cp310-cp310-musllinux_1_2_aarch64.whl", hash = "sha256:19b8d942bf9ae5349e78c851094407af3c0ee967684dff11fd13954380fe48ca"},
    {file = "pyglm-2.8.3-cp310-cp310-musllinux_1_2_x86_64.whl", hash = "sha256:a9f9e0ab479a51d5482a3b1b0eec8b28cfd3436d9b213ecb71c706c0eb9da45f"},
    {file = "pyglm-2.8.3-cp310-cp310-win_amd64.whl", hash = "sha256:f6f906e9e135b8a7f8548e31500a26bf2de94c507feace6f1a999d57774fa2b2"},
    {file = "pyglm-2.8.3-cp310-cp310-win_arm64.whl", hash = "sha256:638e7cd772d2a3cc0f1cc64904085b6eaf202d2790605a04e7c1bd559f06e99b"},
    {file = "pyglm-2.8.3-cp311-cp311-macosx_10_9_x86_64.whl", hash = "sha256:94c7eb9c967423a123306f3a1bf66691cd66ed5ef17165c29424c096a2f96537"},
    {file = "pyglm-2.8.3-cp311-cp311-macosx_11_0_arm64.whl", hash = "sha256:43ac57b7ec33f0ec1e7224a4a8833c0f1405c446177e5abcd6d87867d286f8b3"},
    {file = "pyglm-2.8.3-cp311-cp311-manylinux2014_aarch64.manylinux_2_17_aarch64.whl", hash = "sha256:4ccdc19eb1b432297aebc60e8f72f7870186f2defdaf2e0d0a5bc449057dad01"},
    {file = "pyglm-2.8.3-cp311-cp311-manylinux2014_x86_64.manylinux_2_17_x86_64.whl", hash = "sha256:2f1424cd0a5d49bc0d8c43a9028a471dcb90a22ba1954baad9158659726f256c"},
    {file = "pyglm-2.8.3-cp311-cp311-manylinux_2_34_aarch64.whl", hash = "sha256:32e7a2815f39a49f5434d66d2d109c020d3e7125044905d3afebcb597d6a583e"},
    {file = "pyglm-2.8.3-cp311-cp311-manylinux_2_34_x86_64.whl", hash = "sha256:96da922be7d7d754f2ea269687c9215906ecc651b5f197ff92dcb497230d5f57"},
    {file = "pyglm-2.8.3-cp311-cp311-musllinux_1_2_aarch64.whl", hash = "sha256:71132521c65b43badb3338edc12102eafacc4bf8597378ea7bb57a700975ce77"},
    {file = "pyglm-2.8.3-cp311-cp311-musllinux_1_2_x86_64.whl", hash = "sha256:957816050c3bded151be3183e3160e7fc6b31f708b17d282f6c401ba1536f2a4"},
    {file = "pyglm-2.8.3-cp311-cp311-win_amd64.whl", hash = "sha256:ae0dd576e89638654079f554d3f41b5d463ff6fee68961e4cd8b23069bff7e55"},
    {file = "pyglm-2.8.3-cp311-cp311-win_arm64.whl", hash = "sha256:28dba29d5b80cd9e81cf9875290bcedb451c83ca532de90c451d5b3a79727fcc"},
    {file = "pyglm-2.8.3-cp312-cp312-macosx_10_13_x86_64.whl", hash = "sha256:72c75bd76ade851bf5c2b12cbe384193ea901a73474d57e4d7044bbbcd7d08fd"},
    {file = "pyglm-2.8.3-cp312-cp312-macosx_11_0_arm64.whl", hash = "sha256:570da7032ff1185c842c5864d080ee5eab091fa53ec217b8d4d4034c22ba744f"},
    {file = "pyglm-2.8.3-cp312-cp312-manylinux2014_aarch64.manylinux_2_17_aarch64.whl", hash = "sha256:a14f1ffdc30a6f53334d16651888f60a2f8a63e05613357234c5592747b906bf"},
    {file = "pyglm-2.8.3-cp312-cp312-manylinux2014_x86_64.manylinux_2_17_x86_64.whl", hash = "sha256:1d2305b258bebc358e00b8c85c3bc2d6f78d64f9b3f8802e1699c3e8dae54361"},
    {file = "pyglm-2.8.3-cp312-cp312-manylinux_2_34_aarch64.whl", hash = "sha256:f80d208e558a024a3dc83300bd661a71aa4cda884a256c5b87179059a1c55373"},
    {file = "pyglm-2.8.3-cp312-cp312-manylinux_2_34_x86_64.whl", hash = "sha256:8abf221111db95e34620e446a853d43c887ced10d5c217e2df18471c9ac683ef"},
    {file = "pyglm-2.8.3-cp312-cp312-musllinux_1_2_aarch64.whl", hash = "sha256:71ace7b15dd6d2ea9dbeadd43738ce69e7134547fc4674617084df5096e9b866"},
    {file = "pyglm-2.8.3-cp312-cp312-musllinux_1_2_x86_64.whl", hash = "sha256:04be7de24547130b8d413bc96ab9998d95db89cbaf224f401624ac1fa62bc431"},
    {file = "pyglm-2.8.3-cp312-cp312-win_amd64.whl", hash = "sha256:5f7ff6f4ac14b092d897931b9ef76bb8108b5faa6f5118963c9de86c6fa18efc"},
    {file = "pyglm-2.8.3-cp312-cp312-win_arm64.whl", hash = "sha256:ba2de300dbaf39cb6cd82ce7db05a8dcf85bb7dacf1ec65db18b1ebc34438a0d"},
    {file = "pyglm-2.8.3-cp313-cp313-macosx_10_13_x86_64.whl", hash = "sha256:7a6d07b6b73e55a36e1b6daa63acb53f4912f2ddf88f434af4cc70441435aef8"},
    {file = "pyglm-2.8.3-cp313-cp313-macosx_11_0_arm64.whl", hash = "sha256:eaf6241f7c3ff169575e11da78f4439422517e42558961332db4cd09e9599267"},
    {file = "pyglm-2.8.3-cp313-cp313-manylinux2014_aarch64.manylinux_2_17_aarch64.whl", hash = "sha256:e1ec0dfb8f2c848c4ee6330c70a1ca9333004776c8e5ec76096e0b67c739f688"},
    {file = "pyglm-2.8.3-cp313-cp313-manylinux2014_x86_64.manylinux_2_17_x86_64.whl", hash = "sha256:3eea9093210afb946769c84fe31f17a9f73696a1161ee84fb42e9255f8c5cc8a"},
    {file = "pyglm-2.8.3-cp313-cp313-manylinux_2_34_aarch64.whl", hash = "sha256:0c652650912dbd88994fa02ec9dba2f3b35dc3995427b6ae8056ae542d5a060a"},
    {file = "pyglm-2.8.3-cp313-cp313-manylinux_2_34_x86_64.whl", hash = "sha256:e3bdda68f75ad270e66b0fc7a1883749489cca14c44cbe22bac038fa170a8a1c"},
    {file = "pyglm-2.8.3-cp313-cp313-musllinux_1_2_aarch64.whl", hash = "sha256:08f8b1bd0d80ce396ee9cd5d3d4c7aeb4bbfa2a54dc73413924e3c9982412528"},
    {file = "pyglm-2.8.3-cp313-cp313-musllinux_1_2_x86_64.whl", hash = "sha256:12fa61feefa5a255097d0887415bce9dd72c1dd5e5a8c6577121ee5348336a16"},
    {file = "pyglm-2.8.3-cp313-cp313-win_amd64.whl", hash = "sha256:33118ef1d678ab573546757dee7f0a1ca2fba8e8d7760c9fe6320fe0cfa3deb7"},
    {file = "pyglm-2.8.3-cp313-cp313-win_arm64.whl", hash = "sha256:73ff3785dfc4ce017626d7ab56d6711a7119c29e2e71294efed73810c1d307f9"},
    {file = "pyglm-2.8.3-cp314-cp314-macosx_10_15_x86_64.whl", hash = "sha256:b312012458d0537b3d84f24f4ba51fd3930df7a0773fc643e36f8df27b807c7a"},
    {file = "pyglm-2.8.3-cp314-cp314-macosx_11_0_arm64.whl", hash = "sha256:3249bfe5352e18cc777fac591665679a99f270e1ff27cd11dc349af07684f007"},
    {file = "pyglm-2.8.3-cp314-cp314-manylinux2014_aarch64.manylinux_2_17_aarch64.whl", hash = "sha256:cb8ea0d6721c763a26eacde59b2c9165719050dcf49c99a2857f6e1e5a5f30bb"},
    {file = "pyglm-2.8.3-cp314-cp314-manylinux2014_x86_64.manylinux_2_17_x86_64.whl", hash = "sha256:83effb89e2cf6dd79cf9ebecf2f9fbda3d25a92b61af264de3cadad408911de6"},
    {file = "pyglm-2.8.3-cp314-cp314-manylinux_2_34_aarch64.whl", hash = "sha256:e958d65ed55f2716fd8a3a2ef872cc52893ea7300d7feec62dccb27ec25fbc2f"},
    {file = "pyglm-2.8.3-cp314-cp314-manylinux_2_34_x86_64.whl", hash = "sha256:ec7cc14d2eb9f46a18012ee7c1a164e0395b058ceb6e341bf6d986316b698574"},
    {file = "pyglm-2.8.3-cp314-cp314-musllinux_1_2_aarch64.whl", hash = "sha256:4beb0ada21e7641a577f274496451befcde79965467ef4027bd933334b3de39b"},
    {file = "pyglm-2.8.3-cp314-cp314-musllinux_1_2_x86_64.whl", hash = "sha256:77878c1b8c713b9e39fe32f870d82e20c864da3b11a3b875eca06c270b04cdbe"},
    {file = "pyglm-2.8.3-cp314-cp314-win_amd64.whl", hash = "sha256:15c77bc46ff69d945565309e13ca99c4a001d6a941a80c45f26fbdec80fa16c4"},
    {file = "pyglm-2.8.3-cp314-cp314-win_arm64.whl", hash = "sha256:2b16ec33bd43c514502bae8de2b319d168259090e101e1cde79cd0a7d33e1185"},
    {file = "pyglm-2.8.3-cp314-cp314t-macosx_10_15_x86_64.whl", hash = "sha256:6a1f1ab8debc06e0fdedb3f4285ded4bec38bf075652c393039838504767e6cf"},
    {file = "pyglm-2.8.3-cp314-cp314t-macosx_11_0_arm64.whl", hash = "sha256:a7835d18747ab9f8e736e343cc35bee0a514f18add282f1fc8035945fcf9d9bd"},
    {file = "pyglm-2.8.3-cp314-cp314t-manylinux2014_aarch64.manylinux_2_17_aarch64.whl", hash = "sha256:af3ddee3d150bbef68ee7338ccd3e0710b75b08121b8efd52d786b0d2b6731be"},
    {file = "pyglm-2.8.3-cp314-cp314t-manylinux2014_x86_64.manylinux_2_17_x86_64.whl", hash = "sha256:0a76c8eaba0c58f5738e87be5efcd16c4e75540fe6ebfdf15c236a799a61358e"},
    {file = "pyglm-2.8.3-cp314-cp314t-manylinux_2_34_aarch64.whl", hash = "sha256:879ee9ab3c8ab47b1de59fe7e593eda854b8349f274ca60f057b83f3a405b84d"},
    {file = "pyglm-2.8.3-cp314-cp314t-manylinux_2_34_x86_64.whl", hash = "sha256:3e37c15b6c3e08f960b34ff9ec42e73469dfd868aec214e8a347da6c9d0245d6"},
    {file = "pyglm-2.8.3-cp314-cp314t-musllinux_1_2_aarch64.whl", hash = "sha256:bd34a8670debef4a55bc756b14cbe8b0a4daa49f8f6850c86c5e11d20554927f"},
    {file = "pyglm-2.8.3-cp314-cp314t-musllinux_1_2_x86_64.whl", hash = "sha256:699f852e0335b79d0b664ba1c2d02cb4689256cda786e7780e821f60b0824c46"},
    {file = "pyglm-2.8.3-cp314-cp314t-win_amd64.whl", hash = "sha256:78caadaf9cc2ddea1c55b0d44fa8032f35c9f821a6f152b72422e5657d38f01d"},
    {file = "pyglm-2.8.3-cp314-cp314t-win_arm64.whl", hash = "sha256:69400ad1852ca0972e4d9cbef9d9510941d4b81dc0fffebc5ac796a85440a119"},
    {file = "pyglm-2.8.3-cp39-cp39-macosx_10_9_x86_64.whl", hash = "sha256:a70c0eeb0db43ae95b3a18f888bb78a6e3807c9eb50080c810a30d9ef6a3bff1"},
    {file = "pyglm-2.8.3-cp39-cp39-macosx_11_0_arm64.whl", hash = "sha256:cfd651d124ce62c5de2a547f895979ce4e9c126513e4a5ba39261e9d0b651b15"},
    {file = "pyglm-2.8.3-cp39-cp39-manylinux2014_aarch64.manylinux_2_17_aarch64.whl", hash = "sha256:4074ff6e7b4abc4c8f1ea76db6407374524ba311b74d2276c1571ea5ae86b7bc"},
    {file = "pyglm-2.8.3-cp39-cp39-manylinux2014_x86_64.manylinux_2_17_x86_64.whl", hash = "sha256:5c03082aa1875b5fb68d0491f68491b530d757e9d5b08ac1819605d263b6630c"},
    {file = "pyglm-2.8.3-cp39-cp39-manylinux_2_34_aarch64.whl", hash = "sha256:3408bbd0997cadee48ec9a1422e1396d954a30c23f2e3489327d959bc655fd97"},
    {file = "pyglm-2.8.3-cp39-cp39-manylinux_2_34_x86_64.whl", hash = "sha256:3f97b2d5bb02ef0868ec973e2d4dff86bf9b65b6d3f40b4bdc16dc50bc9e1703"},
    {file = "pyglm-2.8.3-cp39-cp39-musllinux_1_2_aarch64.whl", hash = "sha256:3205a615aebb89f8584429c4fae490e4b1421f615fc262897a77467c53ecf536"},
    {file = "pyglm-2.8.3-cp39-cp39-musllinux_1_2_x86_64.whl", hash = "sha256:1f21818b13d59301d832679d3b81095bf96c2a46f67b8444188acd23c1080561"},
    {file = "pyglm-2.8.3-cp39-cp39-win_amd64.whl", hash = "sha256:f4230df2bbc97424333d66b8550b7ba8865d79d2009dbcb551330cc5221e7430"},
    {file = "pyglm-2.8.3-cp39-cp39-win_arm64.whl", hash = "sha256:8396c7a73d12aa6db735ce5d49f2883fc392c1214376202b0a438c8441bd84b6"},
    {file = "pyglm-2.8.3.tar.gz", hash = "sha256:161781ea4d1267f796b645f85ebff53aeb8ee4f13b4e993c04d64c96d286e534"},
]

[[package]]
name = "pyopengl"
version = "3.1.10"
description = "Standard OpenGL bindings for Python"
optional = false
python-versions = "*"
groups = ["main"]
files = [
    {file = "pyopengl-3.1.10-py3-none-any.whl", hash = "sha256:794a943daced39300879e4e47bd94525280685f42dbb5a998d336cfff151d74f"},
    {file = "pyopengl-3.1.10.tar.gz", hash = "sha256:c4a02d6866b54eb119c8e9b3fb04fa835a95ab802dd96607ab4cdb0012df8335"},
]

[[package]]
name = "pysdl2"
version = "0.9.17"
description = "Python SDL2 bindings"
optional = false
python-versions = "*"
groups = ["main"]
files = [
    {file = "PySDL2-0.9.17-py3-none-any.whl", hash = "sha256:fe923dbf5c7b27bbc1eb2bf58abfa793f8f13fd7ae8b27b1bc2de49920bcbd41"},
    {file = "pysdl2-0.9.17.tar.gz", hash = "sha256:48c6ef01a4eb123db5f7e46e1a1b565675755b07e615f3fe20a623c94735b52b"},
]

[[package]]
name = "pysdl2-dll"
version = "2.32.0"
description = "Pre-built SDL2 binaries for PySDL2"
optional = false
python-versions = "*"
groups = ["main"]
files = [
    {file = "pysdl2-dll-2.32.0.tar.gz", hash = "sha256:4ee29af075c0ca2f0f7a4478f9f01d1caa3b8bdcc5ea8492ef379d8528ddd821"},
    {file = "pysdl2_dll-2.32.0-py2.py3-none-macosx_10_11_universal2.whl", hash = "sha256:61adecf7501e074a8b476eebffbc1661f1553681db8d01b3047a9674b737b9fa"},
    {file = "pysdl2_dll-2.32.0-py2.py3-none-macosx_10_11_x86_64.whl", hash = "sha256:745da0fd2bca264620fb65db8fbb473d230a2ddb649952c84b93592d663d95cc"},
    {file = "pysdl2_dll-2.32.0-py2.py3-none-manylinux2014_i686.whl", hash = "sha256:9f8c5945dda098037be08ff480a995d7c34b9e2e8afcf743de26e8e1ffff0e22"},
    {file = "pysdl2_dll-2.32.0-py2.py3-none-manylinux2014_x86_64.whl", hash = "sha256:9086bd345be6d4e3463379703701a4ff6acdd2991a49f5722ad4f8bc86b26539"},
    {file = "pysdl2_dll-2.32.0-py2.py3-none-manylinux_2_28_aarch64.whl", hash = "sha256:c9a5c97b0647f9ddf9ad52f5f95b90d1dbf362ab52fcad0ff091e3f32663b257"},
    {file = "pysdl2_dll-2.32.0-py2.py3-none-manylinux_2_28_x86_64.whl", hash = "sha256:490f1525c47ab00d8150ed1245fb306f02628d1b43f0e162e6903ed5c1a4a1ef"},
    {file = "pysdl2_dll-2.32.0-py2.py3-none-win32.whl", hash = "sha256:0139ce2160d8387fa4f9bbd5272b374be521e9dd133cd9a2d76c20a20d599bed"},
    {file = "pysdl2_dll-2.32.0-py2.py3-none-win_amd64.whl", hash = "sha256:28f577907bf17df3b3600daebbf0534aeaa44af266430ba09c7e04ab3e22b41f"},
]

[metadata]
lock-version = "2.1"
python-versions = ">=3.14"
content-hash = "5a95fcaf89fb699b138d70a16c2d9e239669ffba00c0482a85c8dbd35758920b"
